# This file is automatically @generated by Cargo.
# It is not intended for manual editing.
version = 4

[[package]]
name = "husk-client"
version = "0.1.0"
dependencies = [
 "husk-core",
]

[[package]]
name = "husk-core"
version = "0.1.0"

[[package]]
name = "husk-daemon"
version = "0.1.0"
dependencies = [
 "husk-core",
]
